
Microsoft Visual Studio Solution File, Format Version 12.00
# Visual Studio Version 17
VisualStudioVersion = 17.5.002.0
MinimumVisualStudioVersion = 10.0.40219.1
Project("{9A19103F-16F7-4668-BE54-9A1E7A4F7556}") = "thewhites-api", "thewhites-api.csproj", "{2BCB0299-CA25-43BE-9696-012E8687CE92}"
EndProject
Global
	GlobalSection(SolutionConfigurationPlatforms) = preSolution
		Debug|Any CPU = Debug|Any CPU
		Release|Any CPU = Release|Any CPU
	EndGlobalSection
	GlobalSection(ProjectConfigurationPlatforms) = postSolution
		{2BCB0299-CA25-43BE-9696-012E8687CE92}.Debug|Any CPU.ActiveCfg = Debug|Any CPU
		{2BCB0299-CA25-43BE-9696-012E8687CE92}.Debug|Any CPU.Build.0 = Debug|Any CPU
		{2BCB0299-CA25-43BE-9696-012E8687CE92}.Release|Any CPU.ActiveCfg = Release|Any CPU
		{2BCB0299-CA25-43BE-9696-012E8687CE92}.Release|Any CPU.Build.0 = Release|Any CPU
	EndGlobalSection
	GlobalSection(SolutionProperties) = preSolution
		HideSolutionNode = FALSE
	EndGlobalSection
	GlobalSection(ExtensibilityGlobals) = postSolution
		SolutionGuid = {6880623D-016A-4D76-8FFE-6E2110F49DEB}
	EndGlobalSection
EndGlobal
